{
  "name": "react-cli",
  "version": "1.0.0",
  "lockfileVersion": 1,
  "requires": true,
  "dependencies": {
    "@types/color-name": {
      "version": "1.1.1",
      "resolved": "http://npm.weimob.com/@types%2fcolor-name/-/color-name-1.1.1.tgz",
      "integrity": "sha1-HBJhu+qhCoBVu8XYq4S3sq/IRqA="
    },
    "ansi-styles": {
      "version": "4.2.0",
      "resolved": "http://npm.weimob.com/ansi-styles/-/ansi-styles-4.2.0.tgz",
      "integrity": "sha1-VoHw3PeuWICnhB2IMcRyTtnMAXI=",
      "requires": {
        "@types/color-name": "^1.1.1",
        "color-convert": "^2.0.1"
      }
    },
    "async-lock": {
      "version": "1.2.2",
      "resolved": "http://npm.weimob.com/async-lock/-/async-lock-1.2.2.tgz",
      "integrity": "sha1-SAvVHkt//U3rvUlzdjcY7JrLmp4="
    },
    "base64-js": {
      "version": "0.0.2",
      "resolved": "http://npm.weimob.com/base64-js/-/base64-js-0.0.2.tgz",
      "integrity": "sha1-Ak8Pcq+iW3X5wO5zzU9V7Bvtl4Q="
    },
    "bops": {
      "version": "0.0.7",
      "resolved": "http://npm.weimob.com/bops/-/bops-0.0.7.tgz",
      "integrity": "sha1-tKClqDmkBkVK8P4FqLkaenZqVOI=",
      "requires": {
        "base64-js": "0.0.2",
        "to-utf8": "0.0.1"
      }
    },
    "chalk": {
      "version": "3.0.0",
      "resolved": "http://npm.weimob.com/chalk/-/chalk-3.0.0.tgz",
      "integrity": "sha1-P3PCv1JlkfV0zEksUeJFY0n4ROQ=",
      "requires": {
        "ansi-styles": "^4.1.0",
        "supports-color": "^7.1.0"
      }
    },
    "clean-git-ref": {
      "version": "2.0.1",
      "resolved": "http://npm.weimob.com/clean-git-ref/-/clean-git-ref-2.0.1.tgz",
      "integrity": "sha1-3MDKCTuQ5SfmettaXlWxr2gW3Nk="
    },
    "color-convert": {
      "version": "2.0.1",
      "resolved": "http://npm.weimob.com/color-convert/-/color-convert-2.0.1.tgz",
      "integrity": "sha1-ctOmjVmMm9s68q0ehPIdiWq9TeM=",
      "requires": {
        "color-name": "~1.1.4"
      }
    },
    "color-name": {
      "version": "1.1.4",
      "resolved": "http://npm.weimob.com/color-name/-/color-name-1.1.4.tgz",
      "integrity": "sha1-wqCah6y95pVD3m9j+jmVyCbFNqI="
    },
    "commander": {
      "version": "4.0.1",
      "resolved": "http://npm.weimob.com/commander/-/commander-4.0.1.tgz",
      "integrity": "sha1-tnYicheFmTGC6Af0iDYz5kAbpTw=",
      "dev": true
    },
    "crc-32": {
      "version": "1.2.0",
      "resolved": "http://npm.weimob.com/crc-32/-/crc-32-1.2.0.tgz",
      "integrity": "sha1-yy224puIUI4y2d0OwWk+e0Ghggg=",
      "requires": {
        "exit-on-epipe": "~1.0.1",
        "printj": "~1.1.0"
      }
    },
    "decompress-response": {
      "version": "4.2.1",
      "resolved": "http://npm.weimob.com/decompress-response/-/decompress-response-4.2.1.tgz",
      "integrity": "sha1-QUAjzHowLaJc4uyC0NUjjMr9iYY=",
      "requires": {
        "mimic-response": "^2.0.0"
      }
    },
    "diff3": {
      "version": "0.0.3",
      "resolved": "http://npm.weimob.com/diff3/-/diff3-0.0.3.tgz",
      "integrity": "sha1-1OXDpM305f4SEatC5pP8tDIVgPw="
    },
    "exit-on-epipe": {
      "version": "1.0.1",
      "resolved": "http://npm.weimob.com/exit-on-epipe/-/exit-on-epipe-1.0.1.tgz",
      "integrity": "sha1-C92S6H1ShdJn2qgXHQ6wYVlolpI="
    },
    "git-apply-delta": {
      "version": "0.0.7",
      "resolved": "http://npm.weimob.com/git-apply-delta/-/git-apply-delta-0.0.7.tgz",
      "integrity": "sha1-+3auFEVA15RAtSsx3gPmPJk8chk=",
      "requires": {
        "bops": "~0.0.6",
        "varint": "0.0.3"
      }
    },
    "globalyzer": {
      "version": "0.1.4",
      "resolved": "http://npm.weimob.com/globalyzer/-/globalyzer-0.1.4.tgz",
      "integrity": "sha1-vI4nOv4ax8JO6o3vW4AjQMXMU08="
    },
    "globrex": {
      "version": "0.1.2",
      "resolved": "http://npm.weimob.com/globrex/-/globrex-0.1.2.tgz",
      "integrity": "sha1-3V2eyCYjJzDNZ5Ol4zqTApheYJg="
    },
    "has-flag": {
      "version": "4.0.0",
      "resolved": "http://npm.weimob.com/has-flag/-/has-flag-4.0.0.tgz",
      "integrity": "sha1-lEdx/ZyByBJlxNaUGGDaBrtZR5s="
    },
    "ignore": {
      "version": "5.1.4",
      "resolved": "http://npm.weimob.com/ignore/-/ignore-5.1.4.tgz",
      "integrity": "sha1-hLez2+ZFUrbvDsqZ9nQ9vsbZet8="
    },
    "inherits": {
      "version": "2.0.4",
      "resolved": "http://npm.weimob.com/inherits/-/inherits-2.0.4.tgz",
      "integrity": "sha1-D6LGT5MpF8NDOg3tVTY6rjdBa3w="
    },
    "isomorphic-git": {
      "version": "0.70.5",
      "resolved": "http://npm.weimob.com/isomorphic-git/-/isomorphic-git-0.70.5.tgz",
      "integrity": "sha1-An+/HoOwZKQJzd103gvSwfLimY0=",
      "requires": {
        "async-lock": "^1.1.0",
        "clean-git-ref": "^2.0.1",
        "crc-32": "^1.2.0",
        "diff3": "0.0.3",
        "git-apply-delta": "0.0.7",
        "globalyzer": "^0.1.4",
        "globrex": "^0.1.2",
        "ignore": "^5.1.4",
        "marky": "^1.2.1",
        "minimisted": "^2.0.0",
        "pako": "^1.0.10",
        "pify": "^4.0.1",
        "readable-stream": "^3.4.0",
        "sha.js": "^2.4.9",
        "simple-get": "^3.0.2"
      }
    },
    "marky": {
      "version": "1.2.1",
      "resolved": "http://npm.weimob.com/marky/-/marky-1.2.1.tgz",
      "integrity": "sha1-o/z4L/01d1a4uK/+yf2/OjDcGwI="
    },
    "mimic-response": {
      "version": "2.0.0",
      "resolved": "http://npm.weimob.com/mimic-response/-/mimic-response-2.0.0.tgz",
      "integrity": "sha1-mWpRxgrfEsuKh9f7jvJMLz1eu0Y="
    },
    "minimist": {
      "version": "1.2.0",
      "resolved": "http://npm.weimob.com/minimist/-/minimist-1.2.0.tgz",
      "integrity": "sha1-o1AIsg9BOD7sH7kU9M1d95omQoQ="
    },
    "minimisted": {
      "version": "2.0.0",
      "resolved": "http://npm.weimob.com/minimisted/-/minimisted-2.0.0.tgz",
      "integrity": "sha1-XjKV507XAbHL6qhjqIgYHW776M4=",
      "requires": {
        "minimist": "^1.2.0"
      }
    },
    "once": {
      "version": "1.4.0",
      "resolved": "http://npm.weimob.com/once/-/once-1.4.0.tgz",
      "integrity": "sha1-WDsap3WWHUsROsF9nFC6753Xa9E=",
      "requires": {
        "wrappy": "1"
      }
    },
    "pako": {
      "version": "1.0.10",
      "resolved": "http://npm.weimob.com/pako/-/pako-1.0.10.tgz",
      "integrity": "sha1-Qyi621CGpCaqkPVBl31JVdpclzI="
    },
    "pify": {
      "version": "4.0.1",
      "resolved": "http://npm.weimob.com/pify/-/pify-4.0.1.tgz",
      "integrity": "sha1-SyzSXFDVmHNcUCkiJP2MbfQeMjE="
    },
    "printj": {
      "version": "1.1.2",
      "resolved": "http://npm.weimob.com/printj/-/printj-1.1.2.tgz",
      "integrity": "sha1-2Q3rKXWoufYA+zoclOP0xTx4oiI="
    },
    "readable-stream": {
      "version": "3.4.0",
      "resolved": "http://npm.weimob.com/readable-stream/-/readable-stream-3.4.0.tgz",
      "integrity": "sha1-pRwmdUZY4KPCHb9ZFjvUW6b0R/w=",
      "requires": {
        "inherits": "^2.0.3",
        "string_decoder": "^1.1.1",
        "util-deprecate": "^1.0.1"
      }
    },
    "safe-buffer": {
      "version": "5.2.0",
      "resolved": "http://npm.weimob.com/safe-buffer/-/safe-buffer-5.2.0.tgz",
      "integrity": "sha1-t02uxJsRSPiMZLaNSbHoFcHy9Rk="
    },
    "sha.js": {
      "version": "2.4.11",
      "resolved": "http://npm.weimob.com/sha.js/-/sha.js-2.4.11.tgz",
      "integrity": "sha1-N6XPC4HsvGlD3hCbopYNGyZYSuc=",
      "requires": {
        "inherits": "^2.0.1",
        "safe-buffer": "^5.0.1"
      }
    },
    "simple-concat": {
      "version": "1.0.0",
      "resolved": "http://npm.weimob.com/simple-concat/-/simple-concat-1.0.0.tgz",
      "integrity": "sha1-c0TLuLbib7J9ZrL8hvn21Zl1IcY="
    },
    "simple-get": {
      "version": "3.1.0",
      "resolved": "http://npm.weimob.com/simple-get/-/simple-get-3.1.0.tgz",
      "integrity": "sha1-tFvgYkNeUNFZVAtXYgLO7EC5xrM=",
      "requires": {
        "decompress-response": "^4.2.0",
        "once": "^1.3.1",
        "simple-concat": "^1.0.0"
      }
    },
    "string_decoder": {
      "version": "1.3.0",
      "resolved": "http://npm.weimob.com/string_decoder/-/string_decoder-1.3.0.tgz",
      "integrity": "sha1-QvEUWUpGzxqOMLCoT1bHjD7awh4=",
      "requires": {
        "safe-buffer": "~5.2.0"
      }
    },
    "supports-color": {
      "version": "7.1.0",
      "resolved": "http://npm.weimob.com/supports-color/-/supports-color-7.1.0.tgz",
      "integrity": "sha1-aOMlkd9z4lrRxLSRCKLsUHliv9E=",
      "requires": {
        "has-flag": "^4.0.0"
      }
    },
    "to-utf8": {
      "version": "0.0.1",
      "resolved": "http://npm.weimob.com/to-utf8/-/to-utf8-0.0.1.tgz",
      "integrity": "sha1-0Xrqcv8vujm55DYBvns/9y4ImFI="
    },
    "util-deprecate": {
      "version": "1.0.2",
      "resolved": "http://npm.weimob.com/util-deprecate/-/util-deprecate-1.0.2.tgz",
      "integrity": "sha1-RQ1Nyfpw3nMnYvvS1KKJgUGaDM8="
    },
    "varint": {
      "version": "0.0.3",
      "resolved": "http://npm.weimob.com/varint/-/varint-0.0.3.tgz",
      "integrity": "sha1-uCHemwSzizzSL3LBjZSp+3KrNRg="
    },
    "wrappy": {
      "version": "1.0.2",
      "resolved": "http://npm.weimob.com/wrappy/-/wrappy-1.0.2.tgz",
      "integrity": "sha1-tSQ9jz7BqjXxNkYFvA0QNuMKtp8="
    }
  }
}
