# THIS IS AN AUTOGENERATED FILE. DO NOT EDIT THIS FILE DIRECTLY.
# yarn lockfile v1


"@types/color-name@^1.1.1":
  version "1.1.1"
  resolved "http://npm.weimob.com/@types%2fcolor-name/-/color-name-1.1.1.tgz#1c1261bbeaa10a8055bbc5d8ab84b7b2afc846a0"
  integrity sha1-HBJhu+qhCoBVu8XYq4S3sq/IRqA=

ansi-styles@^4.1.0:
  version "4.2.0"
  resolved "http://npm.weimob.com/ansi-styles/-/ansi-styles-4.2.0.tgz#5681f0dcf7ae5880a7841d8831c4724ed9cc0172"
  integrity sha1-VoHw3PeuWICnhB2IMcRyTtnMAXI=
  dependencies:
    "@types/color-name" "^1.1.1"
    color-convert "^2.0.1"

async-lock@^1.1.0:
  version "1.2.2"
  resolved "http://npm.weimob.com/async-lock/-/async-lock-1.2.2.tgz#480bd51e4b7ffd4debbd4973763718ec9acb9a9e"
  integrity sha1-SAvVHkt//U3rvUlzdjcY7JrLmp4=

base64-js@0.0.2:
  version "0.0.2"
  resolved "http://npm.weimob.com/base64-js/-/base64-js-0.0.2.tgz#024f0f72afa25b75f9c0ee73cd4f55ec1bed9784"
  integrity sha1-Ak8Pcq+iW3X5wO5zzU9V7Bvtl4Q=

bops@~0.0.6:
  version "0.0.7"
  resolved "http://npm.weimob.com/bops/-/bops-0.0.7.tgz#b4a0a5a839a406454af0fe05a8b91a7a766a54e2"
  integrity sha1-tKClqDmkBkVK8P4FqLkaenZqVOI=
  dependencies:
    base64-js "0.0.2"
    to-utf8 "0.0.1"

chalk@^3.0.0:
  version "3.0.0"
  resolved "http://npm.weimob.com/chalk/-/chalk-3.0.0.tgz#3f73c2bf526591f574cc492c51e2456349f844e4"
  integrity sha1-P3PCv1JlkfV0zEksUeJFY0n4ROQ=
  dependencies:
    ansi-styles "^4.1.0"
    supports-color "^7.1.0"

clean-git-ref@^2.0.1:
  version "2.0.1"
  resolved "http://npm.weimob.com/clean-git-ref/-/clean-git-ref-2.0.1.tgz#dcc0ca093b90e527e67adb5a5e55b1af6816dcd9"
  integrity sha1-3MDKCTuQ5SfmettaXlWxr2gW3Nk=

color-convert@^2.0.1:
  version "2.0.1"
  resolved "http://npm.weimob.com/color-convert/-/color-convert-2.0.1.tgz#72d3a68d598c9bdb3af2ad1e84f21d896abd4de3"
  integrity sha1-ctOmjVmMm9s68q0ehPIdiWq9TeM=
  dependencies:
    color-name "~1.1.4"

color-name@~1.1.4:
  version "1.1.4"
  resolved "http://npm.weimob.com/color-name/-/color-name-1.1.4.tgz#c2a09a87acbde69543de6f63fa3995c826c536a2"
  integrity sha1-wqCah6y95pVD3m9j+jmVyCbFNqI=

commander@^4.0.1:
  version "4.0.1"
  resolved "http://npm.weimob.com/commander/-/commander-4.0.1.tgz#b67622721785993182e807f4883633e6401ba53c"
  integrity sha1-tnYicheFmTGC6Af0iDYz5kAbpTw=

crc-32@^1.2.0:
  version "1.2.0"
  resolved "http://npm.weimob.com/crc-32/-/crc-32-1.2.0.tgz#cb2db6e29b88508e32d9dd0ec1693e7b41a18208"
  integrity sha1-yy224puIUI4y2d0OwWk+e0Ghggg=
  dependencies:
    exit-on-epipe "~1.0.1"
    printj "~1.1.0"

decompress-response@^4.2.0:
  version "4.2.1"
  resolved "http://npm.weimob.com/decompress-response/-/decompress-response-4.2.1.tgz#414023cc7a302da25ce2ec82d0d5238ccafd8986"
  integrity sha1-QUAjzHowLaJc4uyC0NUjjMr9iYY=
  dependencies:
    mimic-response "^2.0.0"

diff3@0.0.3:
  version "0.0.3"
  resolved "http://npm.weimob.com/diff3/-/diff3-0.0.3.tgz#d4e5c3a4cdf4e5fe1211ab42e693fcb4321580fc"
  integrity sha1-1OXDpM305f4SEatC5pP8tDIVgPw=

exit-on-epipe@~1.0.1:
  version "1.0.1"
  resolved "http://npm.weimob.com/exit-on-epipe/-/exit-on-epipe-1.0.1.tgz#0bdd92e87d5285d267daa8171d0eb06159689692"
  integrity sha1-C92S6H1ShdJn2qgXHQ6wYVlolpI=

git-apply-delta@0.0.7:
  version "0.0.7"
  resolved "http://npm.weimob.com/git-apply-delta/-/git-apply-delta-0.0.7.tgz#fb76ae144540d79440b52b31de03e63c993c7219"
  integrity sha1-+3auFEVA15RAtSsx3gPmPJk8chk=
  dependencies:
    bops "~0.0.6"
    varint "0.0.3"

globalyzer@^0.1.4:
  version "0.1.4"
  resolved "http://npm.weimob.com/globalyzer/-/globalyzer-0.1.4.tgz#bc8e273afe1ac7c24eea8def5b802340c5cc534f"
  integrity sha1-vI4nOv4ax8JO6o3vW4AjQMXMU08=

globrex@^0.1.2:
  version "0.1.2"
  resolved "http://npm.weimob.com/globrex/-/globrex-0.1.2.tgz#dd5d9ec826232730cd6793a5e33a9302985e6098"
  integrity sha1-3V2eyCYjJzDNZ5Ol4zqTApheYJg=

has-flag@^4.0.0:
  version "4.0.0"
  resolved "http://npm.weimob.com/has-flag/-/has-flag-4.0.0.tgz#944771fd9c81c81265c4d6941860da06bb59479b"
  integrity sha1-lEdx/ZyByBJlxNaUGGDaBrtZR5s=

ignore@^5.1.4:
  version "5.1.4"
  resolved "http://npm.weimob.com/ignore/-/ignore-5.1.4.tgz#84b7b3dbe64552b6ef0eca99f6743dbec6d97adf"
  integrity sha1-hLez2+ZFUrbvDsqZ9nQ9vsbZet8=

inherits@^2.0.1, inherits@^2.0.3:
  version "2.0.4"
  resolved "http://npm.weimob.com/inherits/-/inherits-2.0.4.tgz#0fa2c64f932917c3433a0ded55363aae37416b7c"
  integrity sha1-D6LGT5MpF8NDOg3tVTY6rjdBa3w=

isomorphic-git@^0.70.5:
  version "0.70.5"
  resolved "http://npm.weimob.com/isomorphic-git/-/isomorphic-git-0.70.5.tgz#027fbf1e83b064a409cddd74de0bd2c1f2e2998d"
  integrity sha1-An+/HoOwZKQJzd103gvSwfLimY0=
  dependencies:
    async-lock "^1.1.0"
    clean-git-ref "^2.0.1"
    crc-32 "^1.2.0"
    diff3 "0.0.3"
    git-apply-delta "0.0.7"
    globalyzer "^0.1.4"
    globrex "^0.1.2"
    ignore "^5.1.4"
    marky "^1.2.1"
    minimisted "^2.0.0"
    pako "^1.0.10"
    pify "^4.0.1"
    readable-stream "^3.4.0"
    sha.js "^2.4.9"
    simple-get "^3.0.2"

marky@^1.2.1:
  version "1.2.1"
  resolved "http://npm.weimob.com/marky/-/marky-1.2.1.tgz#a3fcf82ffd357756b8b8affec9fdbf3a30dc1b02"
  integrity sha1-o/z4L/01d1a4uK/+yf2/OjDcGwI=

mimic-response@^2.0.0:
  version "2.0.0"
  resolved "http://npm.weimob.com/mimic-response/-/mimic-response-2.0.0.tgz#996a51c60adf12cb8a87d7fb8ef24c2f3d5ebb46"
  integrity sha1-mWpRxgrfEsuKh9f7jvJMLz1eu0Y=

minimist@^1.2.0:
  version "1.2.0"
  resolved "http://npm.weimob.com/minimist/-/minimist-1.2.0.tgz#a35008b20f41383eec1fb914f4cd5df79a264284"
  integrity sha1-o1AIsg9BOD7sH7kU9M1d95omQoQ=

minimisted@^2.0.0:
  version "2.0.0"
  resolved "http://npm.weimob.com/minimisted/-/minimisted-2.0.0.tgz#5e3295e74ed701b1cbeaa863a888181d6efbe8ce"
  integrity sha1-XjKV507XAbHL6qhjqIgYHW776M4=
  dependencies:
    minimist "^1.2.0"

once@^1.3.1:
  version "1.4.0"
  resolved "http://npm.weimob.com/once/-/once-1.4.0.tgz#583b1aa775961d4b113ac17d9c50baef9dd76bd1"
  integrity sha1-WDsap3WWHUsROsF9nFC6753Xa9E=
  dependencies:
    wrappy "1"

pako@^1.0.10:
  version "1.0.10"
  resolved "http://npm.weimob.com/pako/-/pako-1.0.10.tgz#4328badb5086a426aa90f541977d4955da5c9732"
  integrity sha1-Qyi621CGpCaqkPVBl31JVdpclzI=

pify@^4.0.1:
  version "4.0.1"
  resolved "http://npm.weimob.com/pify/-/pify-4.0.1.tgz#4b2cd25c50d598735c50292224fd8c6df41e3231"
  integrity sha1-SyzSXFDVmHNcUCkiJP2MbfQeMjE=

prettier@^1.19.1:
  version "1.19.1"
  resolved "http://npm.weimob.com/prettier/-/prettier-1.19.1.tgz#f7d7f5ff8a9cd872a7be4ca142095956a60797cb"
  integrity sha1-99f1/4qc2HKnvkyhQglZVqYHl8s=

printj@~1.1.0:
  version "1.1.2"
  resolved "http://npm.weimob.com/printj/-/printj-1.1.2.tgz#d90deb2975a8b9f600fb3a1c94e3f4c53c78a222"
  integrity sha1-2Q3rKXWoufYA+zoclOP0xTx4oiI=

readable-stream@^3.4.0:
  version "3.4.0"
  resolved "http://npm.weimob.com/readable-stream/-/readable-stream-3.4.0.tgz#a51c26754658e0a3c21dbf59163bd45ba6f447fc"
  integrity sha1-pRwmdUZY4KPCHb9ZFjvUW6b0R/w=
  dependencies:
    inherits "^2.0.3"
    string_decoder "^1.1.1"
    util-deprecate "^1.0.1"

safe-buffer@^5.0.1, safe-buffer@~5.2.0:
  version "5.2.0"
  resolved "http://npm.weimob.com/safe-buffer/-/safe-buffer-5.2.0.tgz#b74daec49b1148f88c64b68d49b1e815c1f2f519"
  integrity sha1-t02uxJsRSPiMZLaNSbHoFcHy9Rk=

sha.js@^2.4.9:
  version "2.4.11"
  resolved "http://npm.weimob.com/sha.js/-/sha.js-2.4.11.tgz#37a5cf0b81ecbc6943de109ba2960d1b26584ae7"
  integrity sha1-N6XPC4HsvGlD3hCbopYNGyZYSuc=
  dependencies:
    inherits "^2.0.1"
    safe-buffer "^5.0.1"

simple-concat@^1.0.0:
  version "1.0.0"
  resolved "http://npm.weimob.com/simple-concat/-/simple-concat-1.0.0.tgz#7344cbb8b6e26fb27d66b2fc86f9f6d5997521c6"
  integrity sha1-c0TLuLbib7J9ZrL8hvn21Zl1IcY=

simple-get@^3.0.2:
  version "3.1.0"
  resolved "http://npm.weimob.com/simple-get/-/simple-get-3.1.0.tgz#b45be062435e50d159540b576202ceec40b9c6b3"
  integrity sha1-tFvgYkNeUNFZVAtXYgLO7EC5xrM=
  dependencies:
    decompress-response "^4.2.0"
    once "^1.3.1"
    simple-concat "^1.0.0"

string_decoder@^1.1.1:
  version "1.3.0"
  resolved "http://npm.weimob.com/string_decoder/-/string_decoder-1.3.0.tgz#42f114594a46cf1a8e30b0a84f56c78c3edac21e"
  integrity sha1-QvEUWUpGzxqOMLCoT1bHjD7awh4=
  dependencies:
    safe-buffer "~5.2.0"

supports-color@^7.1.0:
  version "7.1.0"
  resolved "http://npm.weimob.com/supports-color/-/supports-color-7.1.0.tgz#68e32591df73e25ad1c4b49108a2ec507962bfd1"
  integrity sha1-aOMlkd9z4lrRxLSRCKLsUHliv9E=
  dependencies:
    has-flag "^4.0.0"

to-utf8@0.0.1:
  version "0.0.1"
  resolved "http://npm.weimob.com/to-utf8/-/to-utf8-0.0.1.tgz#d17aea72ff2fba39b9e43601be7b3ff72e089852"
  integrity sha1-0Xrqcv8vujm55DYBvns/9y4ImFI=

util-deprecate@^1.0.1:
  version "1.0.2"
  resolved "http://npm.weimob.com/util-deprecate/-/util-deprecate-1.0.2.tgz#450d4dc9fa70de732762fbd2d4a28981419a0ccf"
  integrity sha1-RQ1Nyfpw3nMnYvvS1KKJgUGaDM8=

varint@0.0.3:
  version "0.0.3"
  resolved "http://npm.weimob.com/varint/-/varint-0.0.3.tgz#b821de9b04b38b3cd22f72c18d94a9fb72ab3518"
  integrity sha1-uCHemwSzizzSL3LBjZSp+3KrNRg=

wrappy@1:
  version "1.0.2"
  resolved "http://npm.weimob.com/wrappy/-/wrappy-1.0.2.tgz#b5243d8f3ec1aa35f1364605bc0d1036e30ab69f"
  integrity sha1-tSQ9jz7BqjXxNkYFvA0QNuMKtp8=
